
Microsoft Visual Studio Solution File, Format Version 12.00
# Visual Studio Version 17
VisualStudioVersion = 17.5.33414.496
MinimumVisualStudioVersion = 10.0.40219.1
Project("{8BC9CEB8-8B4A-11D0-8D11-00A0C91BC942}") = "Day06", "Day06.vcxproj", "{F8AB8CA2-1367-4941-862C-301D1FF2919F}"
EndProject
Global
	GlobalSection(SolutionConfigurationPlatforms) = preSolution
		Debug|x64 = Debug|x64
		Debug|x86 = Debug|x86
		Release|x64 = Release|x64
		Release|x86 = Release|x86
	EndGlobalSection
	GlobalSection(ProjectConfigurationPlatforms) = postSolution
		{F8AB8CA2-1367-4941-862C-301D1FF2919F}.Debug|x64.ActiveCfg = Debug|x64
		{F8AB8CA2-1367-4941-862C-301D1FF2919F}.Debug|x64.Build.0 = Debug|x64
		{F8AB8CA2-1367-4941-862C-301D1FF2919F}.Debug|x86.ActiveCfg = Debug|Win32
		{F8AB8CA2-1367-4941-862C-301D1FF2919F}.Debug|x86.Build.0 = Debug|Win32
		{F8AB8CA2-1367-4941-862C-301D1FF2919F}.Release|x64.ActiveCfg = Release|x64
		{F8AB8CA2-1367-4941-862C-301D1FF2919F}.Release|x64.Build.0 = Release|x64
		{F8AB8CA2-1367-4941-862C-301D1FF2919F}.Release|x86.ActiveCfg = Release|Win32
		{F8AB8CA2-1367-4941-862C-301D1FF2919F}.Release|x86.Build.0 = Release|Win32
	EndGlobalSection
	GlobalSection(SolutionProperties) = preSolution
		HideSolutionNode = FALSE
	EndGlobalSection
	GlobalSection(ExtensibilityGlobals) = postSolution
		SolutionGuid = {1538709C-6EBF-46ED-BF9C-FEF1A873440C}
	EndGlobalSection
EndGlobal
