
Microsoft Visual Studio Solution File, Format Version 12.00
# Visual Studio Version 17
VisualStudioVersion = 17.5.33414.496
MinimumVisualStudioVersion = 10.0.40219.1
Project("{8BC9CEB8-8B4A-11D0-8D11-00A0C91BC942}") = "Day10", "Day10.vcxproj", "{89FA561F-D96F-4FC5-86BB-84D679D311EB}"
EndProject
Global
	GlobalSection(SolutionConfigurationPlatforms) = preSolution
		Debug|x64 = Debug|x64
		Debug|x86 = Debug|x86
		Release|x64 = Release|x64
		Release|x86 = Release|x86
	EndGlobalSection
	GlobalSection(ProjectConfigurationPlatforms) = postSolution
		{89FA561F-D96F-4FC5-86BB-84D679D311EB}.Debug|x64.ActiveCfg = Debug|x64
		{89FA561F-D96F-4FC5-86BB-84D679D311EB}.Debug|x64.Build.0 = Debug|x64
		{89FA561F-D96F-4FC5-86BB-84D679D311EB}.Debug|x86.ActiveCfg = Debug|Win32
		{89FA561F-D96F-4FC5-86BB-84D679D311EB}.Debug|x86.Build.0 = Debug|Win32
		{89FA561F-D96F-4FC5-86BB-84D679D311EB}.Release|x64.ActiveCfg = Release|x64
		{89FA561F-D96F-4FC5-86BB-84D679D311EB}.Release|x64.Build.0 = Release|x64
		{89FA561F-D96F-4FC5-86BB-84D679D311EB}.Release|x86.ActiveCfg = Release|Win32
		{89FA561F-D96F-4FC5-86BB-84D679D311EB}.Release|x86.Build.0 = Release|Win32
	EndGlobalSection
	GlobalSection(SolutionProperties) = preSolution
		HideSolutionNode = FALSE
	EndGlobalSection
	GlobalSection(ExtensibilityGlobals) = postSolution
		SolutionGuid = {8ED95464-8EAA-4BF1-9663-F8CBEC2B01DA}
	EndGlobalSection
EndGlobal
